github.com/asticode/go-astiav v0.36.0 h1:rn68txoK60fSY2thyZO6dF1qtDlfh8Pkpjzxdf5Too4=
github.com/asticode/go-astiav v0.36.0/go.mod h1:K7D8UC6GeQt85FUxk2KVwYxHnotrxuEnp5evkkudc2s=
github.com/asticode/go-astikit v0.42.0 h1:pnir/2KLUSr0527Tv908iAH6EGYYrYta132vvjXsH5w=
github.com/asticode/go-astikit v0.42.0/go.mod h1:h4ly7idim1tNhaVkdVBeXQZEE3L0xblP7fCWbgwipF0=
github.com/davecgh/go-spew v1.1.0 h1:ZDRjVQ15GmhC3fiQ8ni8+OwkZQO4DARzQgrnXU1Liz8=
github.com/davecgh/go-spew v1.1.0/go.mod h1:J7Y8YcW2NihsgmVo/mv3lAwl/skON4iLHjSsI+c5H38=
github.com/pmezard/go-difflib v1.0.0 h1:4DBwDE0NGyQoBHbLQYPwSUPoCMWR5BEzIk/f1lZbAQM=
github.com/pmezard/go-difflib v1.0.0/go.mod h1:iKH77koFhYxTK1pcRnkKkqfTogsbg7gZNVY4sRDYZ/4=
github.com/stretchr/testify v1.7.0 h1:nwc3DEeHmmLAfoZucVR881uASk0Mfjw8xYJ99tb5CcY=
github.com/stretchr/testify v1.7.0/go.mod h1:6Fq8oRcR53rry900zMqJjRRixrwX3KX962/h/Wwjteg=
github.com/xaionaro-go/avcommon v0.0.0-20250505013814-7318bb6f39d7 h1:wPa5F2vJZJi/gs6jRCPaIgY4ogCsEDYvQyZXd+RKdUw=
github.com/xaionaro-go/avcommon v0.0.0-20250505013814-7318bb6f39d7/go.mod h1:kjLo1LasgdDJqbTGD5bbEM+D6RiZSbf5ZT8yiPFF1BA=
github.com/xaionaro-go/unsafetools v0.0.0-20241024014258-a46e1ce3763e h1:FV+/FVPYOncsNNqtlMvqRDrsQznArX0lO0PkFifixDs=
github.com/xaionaro-go/unsafetools v0.0.0-20241024014258-a46e1ce3763e/go.mod h1:ERewyGVM0zYnWA9nxdHPIC3xc9Yrf5CgAnBITuP3FRE=
gopkg.in/yaml.v3 v3.0.0-20200313102051-9f266ea9e77c h1:dUUwHk2QECo/6vqA44rthZ8ie2QXMNeKRTHCNY2nXvo=
gopkg.in/yaml.v3 v3.0.0-20200313102051-9f266ea9e77c/go.mod h1:K4uyk7z7BCEPqu6E+C64Yfv1cQ7kz7rIZviUmN+EgEM=
